
Microsoft Visual Studio Solution File, Format Version 12.00
# Visual Studio Version 17
VisualStudioVersion = 17.2.32630.192
MinimumVisualStudioVersion = 10.0.40219.1
Project("{FAE04EC0-301F-11D3-BF4B-00C04F79EFBC}") = "SeleniumNUnit", "SeleniumNUnit\SeleniumNUnit.csproj", "{FB6A1C66-CA56-48E7-997D-9C06A158830C}"
EndProject
Global
	GlobalSection(SolutionConfigurationPlatforms) = preSolution
		Debug|Any CPU = Debug|Any CPU
		Release|Any CPU = Release|Any CPU
	EndGlobalSection
	GlobalSection(ProjectConfigurationPlatforms) = postSolution
		{FB6A1C66-CA56-48E7-997D-9C06A158830C}.Debug|Any CPU.ActiveCfg = Debug|Any CPU
		{FB6A1C66-CA56-48E7-997D-9C06A158830C}.Debug|Any CPU.Build.0 = Debug|Any CPU
		{FB6A1C66-CA56-48E7-997D-9C06A158830C}.Release|Any CPU.ActiveCfg = Release|Any CPU
		{FB6A1C66-CA56-48E7-997D-9C06A158830C}.Release|Any CPU.Build.0 = Release|Any CPU
	EndGlobalSection
	GlobalSection(SolutionProperties) = preSolution
		HideSolutionNode = FALSE
	EndGlobalSection
	GlobalSection(ExtensibilityGlobals) = postSolution
		SolutionGuid = {CAA1A615-0B87-472A-B693-98AA9ECA44CC}
	EndGlobalSection
EndGlobal
